
Microsoft Visual Studio Solution File, Format Version 12.00
# Visual Studio Version 17
VisualStudioVersion = 17.4.33122.133
MinimumVisualStudioVersion = 10.0.40219.1
Project("{8BC9CEB8-8B4A-11D0-8D11-00A0C91BC942}") = "Engine", "Engine\Engine.vcxproj", "{4B438FBF-B6B0-40FD-82CA-8C4918D15E33}"
EndProject
Project("{8BC9CEB8-8B4A-11D0-8D11-00A0C91BC942}") = "Sandbox", "Sandbox\Sandbox.vcxproj", "{101D6DD3-904D-48CC-A688-A1BB255512B9}"
EndProject
Project("{8BC9CEB8-8B4A-11D0-8D11-00A0C91BC942}") = "DirectXTex", "vendor\DirectXTex\DirectXTex\DirectXTex_Desktop_2022.vcxproj", "{371B9FA9-4C90-4AC6-A123-ACED756D6C77}"
EndProject
Project("{8BC9CEB8-8B4A-11D0-8D11-00A0C91BC942}") = "assimp", "vendor\Assimp\code\assimp.vcxproj", "{5C5CBC53-632E-313A-B581-456A5CBFEA5C}"
EndProject
Project("{8BC9CEB8-8B4A-11D0-8D11-00A0C91BC942}") = "zlibstatic", "vendor\Assimp\contrib\zlib\zlibstatic.vcxproj", "{E09142E7-EA01-3426-ABC9-C12BCC405AE5}"
EndProject
Global
	GlobalSection(SolutionConfigurationPlatforms) = preSolution
		Debug|x64 = Debug|x64
		Debug|x86 = Debug|x86
		MinSizeRel|x64 = MinSizeRel|x64
		MinSizeRel|x86 = MinSizeRel|x86
		Profile|x64 = Profile|x64
		Profile|x86 = Profile|x86
		Release|x64 = Release|x64
		Release|x86 = Release|x86
		RelWithDebInfo|x64 = RelWithDebInfo|x64
		RelWithDebInfo|x86 = RelWithDebInfo|x86
	EndGlobalSection
	GlobalSection(ProjectConfigurationPlatforms) = postSolution
		{4B438FBF-B6B0-40FD-82CA-8C4918D15E33}.Debug|x64.ActiveCfg = Debug|x64
		{4B438FBF-B6B0-40FD-82CA-8C4918D15E33}.Debug|x64.Build.0 = Debug|x64
		{4B438FBF-B6B0-40FD-82CA-8C4918D15E33}.Debug|x86.ActiveCfg = Debug|Win32
		{4B438FBF-B6B0-40FD-82CA-8C4918D15E33}.Debug|x86.Build.0 = Debug|Win32
		{4B438FBF-B6B0-40FD-82CA-8C4918D15E33}.MinSizeRel|x64.ActiveCfg = Release|x64
		{4B438FBF-B6B0-40FD-82CA-8C4918D15E33}.MinSizeRel|x64.Build.0 = Release|x64
		{4B438FBF-B6B0-40FD-82CA-8C4918D15E33}.MinSizeRel|x86.ActiveCfg = Release|Win32
		{4B438FBF-B6B0-40FD-82CA-8C4918D15E33}.MinSizeRel|x86.Build.0 = Release|Win32
		{4B438FBF-B6B0-40FD-82CA-8C4918D15E33}.Profile|x64.ActiveCfg = Release|x64
		{4B438FBF-B6B0-40FD-82CA-8C4918D15E33}.Profile|x64.Build.0 = Release|x64
		{4B438FBF-B6B0-40FD-82CA-8C4918D15E33}.Profile|x86.ActiveCfg = Release|Win32
		{4B438FBF-B6B0-40FD-82CA-8C4918D15E33}.Profile|x86.Build.0 = Release|Win32
		{4B438FBF-B6B0-40FD-82CA-8C4918D15E33}.Release|x64.ActiveCfg = Release|x64
		{4B438FBF-B6B0-40FD-82CA-8C4918D15E33}.Release|x64.Build.0 = Release|x64
		{4B438FBF-B6B0-40FD-82CA-8C4918D15E33}.Release|x86.ActiveCfg = Release|Win32
		{4B438FBF-B6B0-40FD-82CA-8C4918D15E33}.Release|x86.Build.0 = Release|Win32
		{4B438FBF-B6B0-40FD-82CA-8C4918D15E33}.RelWithDebInfo|x64.ActiveCfg = Release|x64
		{4B438FBF-B6B0-40FD-82CA-8C4918D15E33}.RelWithDebInfo|x64.Build.0 = Release|x64
		{4B438FBF-B6B0-40FD-82CA-8C4918D15E33}.RelWithDebInfo|x86.ActiveCfg = Release|Win32
		{4B438FBF-B6B0-40FD-82CA-8C4918D15E33}.RelWithDebInfo|x86.Build.0 = Release|Win32
		{101D6DD3-904D-48CC-A688-A1BB255512B9}.Debug|x64.ActiveCfg = Debug|x64
		{101D6DD3-904D-48CC-A688-A1BB255512B9}.Debug|x64.Build.0 = Debug|x64
		{101D6DD3-904D-48CC-A688-A1BB255512B9}.Debug|x86.ActiveCfg = Debug|Win32
		{101D6DD3-904D-48CC-A688-A1BB255512B9}.Debug|x86.Build.0 = Debug|Win32
		{101D6DD3-904D-48CC-A688-A1BB255512B9}.MinSizeRel|x64.ActiveCfg = Release|x64
		{101D6DD3-904D-48CC-A688-A1BB255512B9}.MinSizeRel|x64.Build.0 = Release|x64
		{101D6DD3-904D-48CC-A688-A1BB255512B9}.MinSizeRel|x86.ActiveCfg = Release|Win32
		{101D6DD3-904D-48CC-A688-A1BB255512B9}.MinSizeRel|x86.Build.0 = Release|Win32
		{101D6DD3-904D-48CC-A688-A1BB255512B9}.Profile|x64.ActiveCfg = Release|x64
		{101D6DD3-904D-48CC-A688-A1BB255512B9}.Profile|x64.Build.0 = Release|x64
		{101D6DD3-904D-48CC-A688-A1BB255512B9}.Profile|x86.ActiveCfg = Release|Win32
		{101D6DD3-904D-48CC-A688-A1BB255512B9}.Profile|x86.Build.0 = Release|Win32
		{101D6DD3-904D-48CC-A688-A1BB255512B9}.Release|x64.ActiveCfg = Release|x64
		{101D6DD3-904D-48CC-A688-A1BB255512B9}.Release|x64.Build.0 = Release|x64
		{101D6DD3-904D-48CC-A688-A1BB255512B9}.Release|x86.ActiveCfg = Release|Win32
		{101D6DD3-904D-48CC-A688-A1BB255512B9}.Release|x86.Build.0 = Release|Win32
		{101D6DD3-904D-48CC-A688-A1BB255512B9}.RelWithDebInfo|x64.ActiveCfg = Release|x64
		{101D6DD3-904D-48CC-A688-A1BB255512B9}.RelWithDebInfo|x64.Build.0 = Release|x64
		{101D6DD3-904D-48CC-A688-A1BB255512B9}.RelWithDebInfo|x86.ActiveCfg = Release|Win32
		{101D6DD3-904D-48CC-A688-A1BB255512B9}.RelWithDebInfo|x86.Build.0 = Release|Win32
		{371B9FA9-4C90-4AC6-A123-ACED756D6C77}.Debug|x64.ActiveCfg = Debug|x64
		{371B9FA9-4C90-4AC6-A123-ACED756D6C77}.Debug|x64.Build.0 = Debug|x64
		{371B9FA9-4C90-4AC6-A123-ACED756D6C77}.Debug|x86.ActiveCfg = Debug|Win32
		{371B9FA9-4C90-4AC6-A123-ACED756D6C77}.Debug|x86.Build.0 = Debug|Win32
		{371B9FA9-4C90-4AC6-A123-ACED756D6C77}.MinSizeRel|x64.ActiveCfg = Release|x64
		{371B9FA9-4C90-4AC6-A123-ACED756D6C77}.MinSizeRel|x64.Build.0 = Release|x64
		{371B9FA9-4C90-4AC6-A123-ACED756D6C77}.MinSizeRel|x86.ActiveCfg = Release|Win32
		{371B9FA9-4C90-4AC6-A123-ACED756D6C77}.MinSizeRel|x86.Build.0 = Release|Win32
		{371B9FA9-4C90-4AC6-A123-ACED756D6C77}.Profile|x64.ActiveCfg = Profile|x64
		{371B9FA9-4C90-4AC6-A123-ACED756D6C77}.Profile|x64.Build.0 = Profile|x64
		{371B9FA9-4C90-4AC6-A123-ACED756D6C77}.Profile|x86.ActiveCfg = Profile|Win32
		{371B9FA9-4C90-4AC6-A123-ACED756D6C77}.Profile|x86.Build.0 = Profile|Win32
		{371B9FA9-4C90-4AC6-A123-ACED756D6C77}.Release|x64.ActiveCfg = Release|x64
		{371B9FA9-4C90-4AC6-A123-ACED756D6C77}.Release|x64.Build.0 = Release|x64
		{371B9FA9-4C90-4AC6-A123-ACED756D6C77}.Release|x86.ActiveCfg = Release|Win32
		{371B9FA9-4C90-4AC6-A123-ACED756D6C77}.Release|x86.Build.0 = Release|Win32
		{371B9FA9-4C90-4AC6-A123-ACED756D6C77}.RelWithDebInfo|x64.ActiveCfg = Release|x64
		{371B9FA9-4C90-4AC6-A123-ACED756D6C77}.RelWithDebInfo|x64.Build.0 = Release|x64
		{371B9FA9-4C90-4AC6-A123-ACED756D6C77}.RelWithDebInfo|x86.ActiveCfg = Release|Win32
		{371B9FA9-4C90-4AC6-A123-ACED756D6C77}.RelWithDebInfo|x86.Build.0 = Release|Win32
		{5C5CBC53-632E-313A-B581-456A5CBFEA5C}.Debug|x64.ActiveCfg = Debug|x64
		{5C5CBC53-632E-313A-B581-456A5CBFEA5C}.Debug|x64.Build.0 = Debug|x64
		{5C5CBC53-632E-313A-B581-456A5CBFEA5C}.Debug|x86.ActiveCfg = Debug|x64
		{5C5CBC53-632E-313A-B581-456A5CBFEA5C}.Debug|x86.Build.0 = Debug|x64
		{5C5CBC53-632E-313A-B581-456A5CBFEA5C}.MinSizeRel|x64.ActiveCfg = MinSizeRel|x64
		{5C5CBC53-632E-313A-B581-456A5CBFEA5C}.MinSizeRel|x64.Build.0 = MinSizeRel|x64
		{5C5CBC53-632E-313A-B581-456A5CBFEA5C}.MinSizeRel|x86.ActiveCfg = MinSizeRel|x64
		{5C5CBC53-632E-313A-B581-456A5CBFEA5C}.MinSizeRel|x86.Build.0 = MinSizeRel|x64
		{5C5CBC53-632E-313A-B581-456A5CBFEA5C}.Profile|x64.ActiveCfg = RelWithDebInfo|x64
		{5C5CBC53-632E-313A-B581-456A5CBFEA5C}.Profile|x64.Build.0 = RelWithDebInfo|x64
		{5C5CBC53-632E-313A-B581-456A5CBFEA5C}.Profile|x86.ActiveCfg = RelWithDebInfo|x64
		{5C5CBC53-632E-313A-B581-456A5CBFEA5C}.Profile|x86.Build.0 = RelWithDebInfo|x64
		{5C5CBC53-632E-313A-B581-456A5CBFEA5C}.Release|x64.ActiveCfg = Release|x64
		{5C5CBC53-632E-313A-B581-456A5CBFEA5C}.Release|x64.Build.0 = Release|x64
		{5C5CBC53-632E-313A-B581-456A5CBFEA5C}.Release|x86.ActiveCfg = Release|x64
		{5C5CBC53-632E-313A-B581-456A5CBFEA5C}.Release|x86.Build.0 = Release|x64
		{5C5CBC53-632E-313A-B581-456A5CBFEA5C}.RelWithDebInfo|x64.ActiveCfg = RelWithDebInfo|x64
		{5C5CBC53-632E-313A-B581-456A5CBFEA5C}.RelWithDebInfo|x64.Build.0 = RelWithDebInfo|x64
		{5C5CBC53-632E-313A-B581-456A5CBFEA5C}.RelWithDebInfo|x86.ActiveCfg = RelWithDebInfo|x64
		{5C5CBC53-632E-313A-B581-456A5CBFEA5C}.RelWithDebInfo|x86.Build.0 = RelWithDebInfo|x64
		{E09142E7-EA01-3426-ABC9-C12BCC405AE5}.Debug|x64.ActiveCfg = Debug|x64
		{E09142E7-EA01-3426-ABC9-C12BCC405AE5}.Debug|x64.Build.0 = Debug|x64
		{E09142E7-EA01-3426-ABC9-C12BCC405AE5}.Debug|x86.ActiveCfg = Debug|x64
		{E09142E7-EA01-3426-ABC9-C12BCC405AE5}.Debug|x86.Build.0 = Debug|x64
		{E09142E7-EA01-3426-ABC9-C12BCC405AE5}.MinSizeRel|x64.ActiveCfg = MinSizeRel|x64
		{E09142E7-EA01-3426-ABC9-C12BCC405AE5}.MinSizeRel|x64.Build.0 = MinSizeRel|x64
		{E09142E7-EA01-3426-ABC9-C12BCC405AE5}.MinSizeRel|x86.ActiveCfg = MinSizeRel|x64
		{E09142E7-EA01-3426-ABC9-C12BCC405AE5}.MinSizeRel|x86.Build.0 = MinSizeRel|x64
		{E09142E7-EA01-3426-ABC9-C12BCC405AE5}.Profile|x64.ActiveCfg = RelWithDebInfo|x64
		{E09142E7-EA01-3426-ABC9-C12BCC405AE5}.Profile|x64.Build.0 = RelWithDebInfo|x64
		{E09142E7-EA01-3426-ABC9-C12BCC405AE5}.Profile|x86.ActiveCfg = RelWithDebInfo|x64
		{E09142E7-EA01-3426-ABC9-C12BCC405AE5}.Profile|x86.Build.0 = RelWithDebInfo|x64
		{E09142E7-EA01-3426-ABC9-C12BCC405AE5}.Release|x64.ActiveCfg = Release|x64
		{E09142E7-EA01-3426-ABC9-C12BCC405AE5}.Release|x64.Build.0 = Release|x64
		{E09142E7-EA01-3426-ABC9-C12BCC405AE5}.Release|x86.ActiveCfg = Release|x64
		{E09142E7-EA01-3426-ABC9-C12BCC405AE5}.Release|x86.Build.0 = Release|x64
		{E09142E7-EA01-3426-ABC9-C12BCC405AE5}.RelWithDebInfo|x64.ActiveCfg = RelWithDebInfo|x64
		{E09142E7-EA01-3426-ABC9-C12BCC405AE5}.RelWithDebInfo|x64.Build.0 = RelWithDebInfo|x64
		{E09142E7-EA01-3426-ABC9-C12BCC405AE5}.RelWithDebInfo|x86.ActiveCfg = RelWithDebInfo|x64
		{E09142E7-EA01-3426-ABC9-C12BCC405AE5}.RelWithDebInfo|x86.Build.0 = RelWithDebInfo|x64
	EndGlobalSection
	GlobalSection(SolutionProperties) = preSolution
		HideSolutionNode = FALSE
	EndGlobalSection
	GlobalSection(ExtensibilityGlobals) = postSolution
		SolutionGuid = {10408012-497D-4B0C-A910-672488F54DFF}
	EndGlobalSection
EndGlobal
